
Microsoft Visual Studio Solution File, Format Version 12.00
# Visual Studio Version 17
VisualStudioVersion = 17.14.36811.4 d17.14
MinimumVisualStudioVersion = 10.0.40219.1
Project("{FAE04EC0-301F-11D3-BF4B-00C04F79EFBC}") = "JOCINAPharm", "JOCINAPharm\JOCINAPharm.csproj", "{4542F2D9-6015-4B6C-8438-890E8B92FEBF}"
EndProject
Global
	GlobalSection(SolutionConfigurationPlatforms) = preSolution
		Debug|Any CPU = Debug|Any CPU
		Release|Any CPU = Release|Any CPU
	EndGlobalSection
	GlobalSection(ProjectConfigurationPlatforms) = postSolution
		{4542F2D9-6015-4B6C-8438-890E8B92FEBF}.Debug|Any CPU.ActiveCfg = Debug|Any CPU
		{4542F2D9-6015-4B6C-8438-890E8B92FEBF}.Debug|Any CPU.Build.0 = Debug|Any CPU
		{4542F2D9-6015-4B6C-8438-890E8B92FEBF}.Release|Any CPU.ActiveCfg = Release|Any CPU
		{4542F2D9-6015-4B6C-8438-890E8B92FEBF}.Release|Any CPU.Build.0 = Release|Any CPU
	EndGlobalSection
	GlobalSection(SolutionProperties) = preSolution
		HideSolutionNode = FALSE
	EndGlobalSection
	GlobalSection(ExtensibilityGlobals) = postSolution
		SolutionGuid = {BFFC00C8-1042-42DE-8A4D-A4D9D9373F33}
	EndGlobalSection
EndGlobal
